# This file was autogenerated by Stack.
# You should not edit this file by hand.
# For more information, please see the documentation at:
#   https://docs.haskellstack.org/en/stable/lock_files

packages: []
snapshots:
- completed:
    sha256: 62ae41f516c633c3f55bd03e2da5b2f804c6a722226716463af811b8e66dc92d
    size: 631262
    url: https://raw.githubusercontent.com/commercialhaskell/stackage-snapshots/master/nightly/2023/5/16.yaml
  original: nightly-2023-05-16
